github.com/guptarohit/asciigraph v0.5.5 h1:ccFnUF8xYIOUPPY3tmdvRyHqmn1MYI9iv1pLKX+/ZkQ=
github.com/guptarohit/asciigraph v0.5.5/go.mod h1:dYl5wwK4gNsnFf9Zp+l06rFiDZ5YtXM6x7SRWZ3KGag=
github.com/sunday00/go-console v0.0.0-20201123023019-829a1f75292a h1:2mxraCVa4uJsCWT6p+FLCyHVpXZf29aONNLyORWPxj8=
github.com/sunday00/go-console v0.0.0-20201123023019-829a1f75292a/go.mod h1:YgjFnKSB7YYKQFuDKnXaMy338Y7JXOR6dLaXcBA9iO8=
